
Microsoft Visual Studio Solution File, Format Version 12.00
# Visual Studio 15
VisualStudioVersion = 15.0.28307.705
MinimumVisualStudioVersion = 10.0.40219.1
Project("{9A19103F-16F7-4668-BE54-9A1E7A4F7556}") = "PersonalNotesAPI", "PersonalNotesAPI\PersonalNotesAPI.csproj", "{C1640AD2-B759-4D64-ADC9-22F828B11DEB}"
EndProject
Global
	GlobalSection(SolutionConfigurationPlatforms) = preSolution
		Debug|Any CPU = Debug|Any CPU
		Release|Any CPU = Release|Any CPU
	EndGlobalSection
	GlobalSection(ProjectConfigurationPlatforms) = postSolution
		{C1640AD2-B759-4D64-ADC9-22F828B11DEB}.Debug|Any CPU.ActiveCfg = Debug|Any CPU
		{C1640AD2-B759-4D64-ADC9-22F828B11DEB}.Debug|Any CPU.Build.0 = Debug|Any CPU
		{C1640AD2-B759-4D64-ADC9-22F828B11DEB}.Release|Any CPU.ActiveCfg = Release|Any CPU
		{C1640AD2-B759-4D64-ADC9-22F828B11DEB}.Release|Any CPU.Build.0 = Release|Any CPU
	EndGlobalSection
	GlobalSection(SolutionProperties) = preSolution
		HideSolutionNode = FALSE
	EndGlobalSection
	GlobalSection(ExtensibilityGlobals) = postSolution
		SolutionGuid = {001233A5-2A63-4818-A045-0298A343788E}
	EndGlobalSection
EndGlobal
