
Microsoft Visual Studio Solution File, Format Version 12.00
# Visual Studio 15
VisualStudioVersion = 15.0.28307.705
MinimumVisualStudioVersion = 10.0.40219.1
Project("{FAE04EC0-301F-11D3-BF4B-00C04F79EFBC}") = "PersonalNotesAPI", "PersonalNotesAPI\PersonalNotesAPI.csproj", "{BA0CF6D3-5356-46F4-8218-327C6D828094}"
EndProject
Global
	GlobalSection(SolutionConfigurationPlatforms) = preSolution
		Debug|Any CPU = Debug|Any CPU
		Release|Any CPU = Release|Any CPU
	EndGlobalSection
	GlobalSection(ProjectConfigurationPlatforms) = postSolution
		{BA0CF6D3-5356-46F4-8218-327C6D828094}.Debug|Any CPU.ActiveCfg = Debug|Any CPU
		{BA0CF6D3-5356-46F4-8218-327C6D828094}.Debug|Any CPU.Build.0 = Debug|Any CPU
		{BA0CF6D3-5356-46F4-8218-327C6D828094}.Release|Any CPU.ActiveCfg = Release|Any CPU
		{BA0CF6D3-5356-46F4-8218-327C6D828094}.Release|Any CPU.Build.0 = Release|Any CPU
	EndGlobalSection
	GlobalSection(SolutionProperties) = preSolution
		HideSolutionNode = FALSE
	EndGlobalSection
	GlobalSection(ExtensibilityGlobals) = postSolution
		SolutionGuid = {8AC19252-B493-43EA-BEF7-41B20028E79A}
	EndGlobalSection
EndGlobal
