
Microsoft Visual Studio Solution File, Format Version 12.00
# Visual Studio 15
VisualStudioVersion = 15.0.28307.705
MinimumVisualStudioVersion = 10.0.40219.1
Project("{9A19103F-16F7-4668-BE54-9A1E7A4F7556}") = "PersonalNotesAPI", "PersonalNotesAPI\PersonalNotesAPI.csproj", "{6C5296C1-1683-4782-A0D1-0C6E54D5BCC7}"
EndProject
Project("{FAE04EC0-301F-11D3-BF4B-00C04F79EFBC}") = "PersonalNotesDAL", "PersonalNotesDAL\PersonalNotesDAL.csproj", "{9E537A30-51E4-467A-B4D3-E7EE7175E1B7}"
EndProject
Global
	GlobalSection(SolutionConfigurationPlatforms) = preSolution
		Debug|Any CPU = Debug|Any CPU
		Release|Any CPU = Release|Any CPU
	EndGlobalSection
	GlobalSection(ProjectConfigurationPlatforms) = postSolution
		{6C5296C1-1683-4782-A0D1-0C6E54D5BCC7}.Debug|Any CPU.ActiveCfg = Debug|Any CPU
		{6C5296C1-1683-4782-A0D1-0C6E54D5BCC7}.Debug|Any CPU.Build.0 = Debug|Any CPU
		{6C5296C1-1683-4782-A0D1-0C6E54D5BCC7}.Release|Any CPU.ActiveCfg = Release|Any CPU
		{6C5296C1-1683-4782-A0D1-0C6E54D5BCC7}.Release|Any CPU.Build.0 = Release|Any CPU
		{9E537A30-51E4-467A-B4D3-E7EE7175E1B7}.Debug|Any CPU.ActiveCfg = Debug|Any CPU
		{9E537A30-51E4-467A-B4D3-E7EE7175E1B7}.Debug|Any CPU.Build.0 = Debug|Any CPU
		{9E537A30-51E4-467A-B4D3-E7EE7175E1B7}.Release|Any CPU.ActiveCfg = Release|Any CPU
		{9E537A30-51E4-467A-B4D3-E7EE7175E1B7}.Release|Any CPU.Build.0 = Release|Any CPU
	EndGlobalSection
	GlobalSection(SolutionProperties) = preSolution
		HideSolutionNode = FALSE
	EndGlobalSection
	GlobalSection(ExtensibilityGlobals) = postSolution
		SolutionGuid = {C3455766-C56C-4FF9-987F-D4DB57A3F0AD}
	EndGlobalSection
EndGlobal
