
Microsoft Visual Studio Solution File, Format Version 12.00
# Visual Studio 15
VisualStudioVersion = 15.0.28307.705
MinimumVisualStudioVersion = 10.0.40219.1
Project("{FAE04EC0-301F-11D3-BF4B-00C04F79EFBC}") = "TestAss1", "TestAss1\TestAss1.csproj", "{970786C5-E3F3-43B7-A89D-9B5C370A51DF}"
EndProject
Global
	GlobalSection(SolutionConfigurationPlatforms) = preSolution
		Debug|Any CPU = Debug|Any CPU
		Release|Any CPU = Release|Any CPU
	EndGlobalSection
	GlobalSection(ProjectConfigurationPlatforms) = postSolution
		{970786C5-E3F3-43B7-A89D-9B5C370A51DF}.Debug|Any CPU.ActiveCfg = Debug|Any CPU
		{970786C5-E3F3-43B7-A89D-9B5C370A51DF}.Debug|Any CPU.Build.0 = Debug|Any CPU
		{970786C5-E3F3-43B7-A89D-9B5C370A51DF}.Release|Any CPU.ActiveCfg = Release|Any CPU
		{970786C5-E3F3-43B7-A89D-9B5C370A51DF}.Release|Any CPU.Build.0 = Release|Any CPU
	EndGlobalSection
	GlobalSection(SolutionProperties) = preSolution
		HideSolutionNode = FALSE
	EndGlobalSection
	GlobalSection(ExtensibilityGlobals) = postSolution
		SolutionGuid = {52158227-5401-4E9D-B190-367ACB3E80E2}
	EndGlobalSection
EndGlobal
